
Microsoft Visual Studio Solution File, Format Version 12.00
# Visual Studio Version 16
VisualStudioVersion = 16.0.28803.916
MinimumVisualStudioVersion = 10.0.40219.1
Project("{FAE04EC0-301F-11D3-BF4B-00C04F79EFBC}") = "TMS_Project", "TMS_Project\TMS_Project.csproj", "{A62F34F1-CD26-4958-976E-3A150D42D400}"
EndProject
Global
	GlobalSection(SolutionConfigurationPlatforms) = preSolution
		Debug|Any CPU = Debug|Any CPU
		Release|Any CPU = Release|Any CPU
	EndGlobalSection
	GlobalSection(ProjectConfigurationPlatforms) = postSolution
		{A62F34F1-CD26-4958-976E-3A150D42D400}.Debug|Any CPU.ActiveCfg = Debug|Any CPU
		{A62F34F1-CD26-4958-976E-3A150D42D400}.Debug|Any CPU.Build.0 = Debug|Any CPU
		{A62F34F1-CD26-4958-976E-3A150D42D400}.Release|Any CPU.ActiveCfg = Release|Any CPU
		{A62F34F1-CD26-4958-976E-3A150D42D400}.Release|Any CPU.Build.0 = Release|Any CPU
	EndGlobalSection
	GlobalSection(SolutionProperties) = preSolution
		HideSolutionNode = FALSE
	EndGlobalSection
	GlobalSection(ExtensibilityGlobals) = postSolution
		SolutionGuid = {F5FE07C1-E752-4240-A5C7-2B33B67B1C35}
	EndGlobalSection
EndGlobal
